// !$*UTF8*$!
{
	archiveVersion = 1;
	classes = {
	};
	objectVersion = 50;
	objects = {

/* Begin PBXBuildFile section */
		39D0C8F8245ADE2C0012AA3A /* AppDelegate.swift in Sources */ = {isa = PBXBuildFile; fileRef = 39D0C8F7245ADE2C0012AA3A /* AppDelegate.swift */; };
		39D0C8FA245ADE2C0012AA3A /* SceneDelegate.swift in Sources */ = {isa = PBXBuildFile; fileRef = 39D0C8F9245ADE2C0012AA3A /* SceneDelegate.swift */; };
		39D0C8FC245ADE2C0012AA3A /* ContentView.swift in Sources */ = {isa = PBXBuildFile; fileRef = 39D0C8FB245ADE2C0012AA3A /* ContentView.swift */; };
		39D0C8FE245ADE2E0012AA3A /* Assets.xcassets in Resources */ = {isa = PBXBuildFile; fileRef = 39D0C8FD245ADE2E0012AA3A /* Assets.xcassets */; };
		39D0C901245ADE2E0012AA3A /* Preview Assets.xcassets in Resources */ = {isa = PBXBuildFile; fileRef = 39D0C900245ADE2E0012AA3A /* Preview Assets.xcassets */; };
		39D0C904245ADE2E0012AA3A /* LaunchScreen.storyboard in Resources */ = {isa = PBXBuildFile; fileRef = 39D0C902245ADE2E0012AA3A /* LaunchScreen.storyboard */; };
		39D0C90C245ADE510012AA3A /* Sight.swift in Sources */ = {isa = PBXBuildFile; fileRef = 39D0C90B245ADE510012AA3A /* Sight.swift */; };
		39D0C90E245ADEE70012AA3A /* SightData.swift in Sources */ = {isa = PBXBuildFile; fileRef = 39D0C90D245ADEE70012AA3A /* SightData.swift */; };
		39D0C910245ADF0B0012AA3A /* SightRow.swift in Sources */ = {isa = PBXBuildFile; fileRef = 39D0C90F245ADF0B0012AA3A /* SightRow.swift */; };
		39D0C912245AE1F20012AA3A /* SightList.swift in Sources */ = {isa = PBXBuildFile; fileRef = 39D0C911245AE1F20012AA3A /* SightList.swift */; };
		39D0C914245AE5A60012AA3A /* SightEditor.swift in Sources */ = {isa = PBXBuildFile; fileRef = 39D0C913245AE5A60012AA3A /* SightEditor.swift */; };
		49A8B2452464234F007B6BC8 /* chart.swift in Sources */ = {isa = PBXBuildFile; fileRef = 49A8B2442464234F007B6BC8 /* chart.swift */; };
		49A8B247246427E6007B6BC8 /* chartview.swift in Sources */ = {isa = PBXBuildFile; fileRef = 49A8B246246427E6007B6BC8 /* chartview.swift */; };
/* End PBXBuildFile section */

/* Begin PBXFileReference section */
		39D0C8F4245ADE2C0012AA3A /* My_forth_iOS_homework.app */ = {isa = PBXFileReference; explicitFileType = wrapper.application; includeInIndex = 0; path = My_forth_iOS_homework.app; sourceTree = BUILT_PRODUCTS_DIR; };
		39D0C8F7245ADE2C0012AA3A /* AppDelegate.swift */ = {isa = PBXFileReference; lastKnownFileType = sourcecode.swift; path = AppDelegate.swift; sourceTree = "<group>"; };
		39D0C8F9245ADE2C0012AA3A /* SceneDelegate.swift */ = {isa = PBXFileReference; lastKnownFileType = sourcecode.swift; path = SceneDelegate.swift; sourceTree = "<group>"; };
		39D0C8FB245ADE2C0012AA3A /* ContentView.swift */ = {isa = PBXFileReference; lastKnownFileType = sourcecode.swift; path = ContentView.swift; sourceTree = "<group>"; };
		39D0C8FD245ADE2E0012AA3A /* Assets.xcassets */ = {isa = PBXFileReference; lastKnownFileType = folder.assetcatalog; path = Assets.xcassets; sourceTree = "<group>"; };
		39D0C900245ADE2E0012AA3A /* Preview Assets.xcassets */ = {isa = PBXFileReference; lastKnownFileType = folder.assetcatalog; path = "Preview Assets.xcassets"; sourceTree = "<group>"; };
		39D0C903245ADE2E0012AA3A /* Base */ = {isa = PBXFileReference; lastKnownFileType = file.storyboard; name = Base; path = Base.lproj/LaunchScreen.storyboard; sourceTree = "<group>"; };
		39D0C905245ADE2E0012AA3A /* Info.plist */ = {isa = PBXFileReference; lastKnownFileType = text.plist.xml; path = Info.plist; sourceTree = "<group>"; };
		39D0C90B245ADE510012AA3A /* Sight.swift */ = {isa = PBXFileReference; lastKnownFileType = sourcecode.swift; path = Sight.swift; sourceTree = "<group>"; };
		39D0C90D245ADEE70012AA3A /* SightData.swift */ = {isa = PBXFileReference; lastKnownFileType = sourcecode.swift; path = SightData.swift; sourceTree = "<group>"; };
		39D0C90F245ADF0B0012AA3A /* SightRow.swift */ = {isa = PBXFileReference; lastKnownFileType = sourcecode.swift; path = SightRow.swift; sourceTree = "<group>"; };
		39D0C911245AE1F20012AA3A /* SightList.swift */ = {isa = PBXFileReference; lastKnownFileType = sourcecode.swift; path = SightList.swift; sourceTree = "<group>"; };
		39D0C913245AE5A60012AA3A /* SightEditor.swift */ = {isa = PBXFileReference; lastKnownFileType = sourcecode.swift; path = SightEditor.swift; sourceTree = "<group>"; };
		49A8B2442464234F007B6BC8 /* chart.swift */ = {isa = PBXFileReference; lastKnownFileType = sourcecode.swift; path = chart.swift; sourceTree = "<group>"; };
		49A8B246246427E6007B6BC8 /* chartview.swift */ = {isa = PBXFileReference; lastKnownFileType = sourcecode.swift; path = chartview.swift; sourceTree = "<group>"; };
/* End PBXFileReference section */

/* Begin PBXFrameworksBuildPhase section */
		39D0C8F1245ADE2C0012AA3A /* Frameworks */ = {
			isa = PBXFrameworksBuildPhase;
			buildActionMask = 2147483647;
			files = (
			);
			runOnlyForDeploymentPostprocessing = 0;
		};
/* End PBXFrameworksBuildPhase section */

/* Begin PBXGroup section */
		39D0C8EB245ADE2C0012AA3A = {
			isa = PBXGroup;
			children = (
				39D0C90B245ADE510012AA3A /* Sight.swift */,
				39D0C90D245ADEE70012AA3A /* SightData.swift */,
				39D0C90F245ADF0B0012AA3A /* SightRow.swift */,
				39D0C8F6245ADE2C0012AA3A /* My_forth_iOS_homework */,
				39D0C8F5245ADE2C0012AA3A /* Products */,
			);
			sourceTree = "<group>";
		};
		39D0C8F5245ADE2C0012AA3A /* Products */ = {
			isa = PBXGroup;
			children = (
				39D0C8F4245ADE2C0012AA3A /* My_forth_iOS_homework.app */,
			);
			name = Products;
			sourceTree = "<group>";
		};
		39D0C8F6245ADE2C0012AA3A /* My_forth_iOS_homework */ = {
			isa = PBXGroup;
			children = (
				39D0C8F7245ADE2C0012AA3A /* AppDelegate.swift */,
				39D0C8F9245ADE2C0012AA3A /* SceneDelegate.swift */,
				39D0C8FB245ADE2C0012AA3A /* ContentView.swift */,
				49A8B2442464234F007B6BC8 /* chart.swift */,
				49A8B246246427E6007B6BC8 /* chartview.swift */,
				39D0C911245AE1F20012AA3A /* SightList.swift */,
				39D0C913245AE5A60012AA3A /* SightEditor.swift */,
				39D0C8FD245ADE2E0012AA3A /* Assets.xcassets */,
				39D0C902245ADE2E0012AA3A /* LaunchScreen.storyboard */,
				39D0C905245ADE2E0012AA3A /* Info.plist */,
				39D0C8FF245ADE2E0012AA3A /* Preview Content */,
			);
			path = My_forth_iOS_homework;
			sourceTree = "<group>";
		};
		39D0C8FF245ADE2E0012AA3A /* Preview Content */ = {
			isa = PBXGroup;
			children = (
				39D0C900245ADE2E0012AA3A /* Preview Assets.xcassets */,
			);
			path = "Preview Content";
			sourceTree = "<group>";
		};
/* End PBXGroup section */

/* Begin PBXNativeTarget section */
		39D0C8F3245ADE2C0012AA3A /* My_forth_iOS_homework */ = {
			isa = PBXNativeTarget;
			buildConfigurationList = 39D0C908245ADE2E0012AA3A /* Build configuration list for PBXNativeTarget "My_forth_iOS_homework" */;
			buildPhases = (
				39D0C8F0245ADE2C0012AA3A /* Sources */,
				39D0C8F1245ADE2C0012AA3A /* Frameworks */,
				39D0C8F2245ADE2C0012AA3A /* Resources */,
			);
			buildRules = (
			);
			dependencies = (
			);
			name = My_forth_iOS_homework;
			productName = My_forth_iOS_homework;
			productReference = 39D0C8F4245ADE2C0012AA3A /* My_forth_iOS_homework.app */;
			productType = "com.apple.product-type.application";
		};
/* End PBXNativeTarget section */

/* Begin PBXProject section */
		39D0C8EC245ADE2C0012AA3A /* Project object */ = {
			isa = PBXProject;
			attributes = {
				LastSwiftUpdateCheck = 1110;
				LastUpgradeCheck = 1110;
				ORGANIZATIONNAME = steven;
				TargetAttributes = {
					39D0C8F3245ADE2C0012AA3A = {
						CreatedOnToolsVersion = 11.1;
					};
				};
			};
			buildConfigurationList = 39D0C8EF245ADE2C0012AA3A /* Build configuration list for PBXProject "My_forth_iOS_homework" */;
			compatibilityVersion = "Xcode 9.3";
			developmentRegion = en;
			hasScannedForEncodings = 0;
			knownRegions = (
				en,
				Base,
			);
			mainGroup = 39D0C8EB245ADE2C0012AA3A;
			productRefGroup = 39D0C8F5245ADE2C0012AA3A /* Products */;
			projectDirPath = "";
			projectRoot = "";
			targets = (
				39D0C8F3245ADE2C0012AA3A /* My_forth_iOS_homework */,
			);
		};
/* End PBXProject section */

/* Begin PBXResourcesBuildPhase section */
		39D0C8F2245ADE2C0012AA3A /* Resources */ = {
			isa = PBXResourcesBuildPhase;
			buildActionMask = 2147483647;
			files = (
				39D0C904245ADE2E0012AA3A /* LaunchScreen.storyboard in Resources */,
				39D0C901245ADE2E0012AA3A /* Preview Assets.xcassets in Resources */,
				39D0C8FE245ADE2E0012AA3A /* Assets.xcassets in Resources */,
			);
			runOnlyForDeploymentPostprocessing = 0;
		};
/* End PBXResourcesBuildPhase section */

/* Begin PBXSourcesBuildPhase section */
		39D0C8F0245ADE2C0012AA3A /* Sources */ = {
			isa = PBXSourcesBuildPhase;
			buildActionMask = 2147483647;
			files = (
				39D0C90E245ADEE70012AA3A /* SightData.swift in Sources */,
				39D0C8F8245ADE2C0012AA3A /* AppDelegate.swift in Sources */,
				39D0C914245AE5A60012AA3A /* SightEditor.swift in Sources */,
				49A8B247246427E6007B6BC8 /* chartview.swift in Sources */,
				39D0C910245ADF0B0012AA3A /* SightRow.swift in Sources */,
				39D0C90C245ADE510012AA3A /* Sight.swift in Sources */,
				49A8B2452464234F007B6BC8 /* chart.swift in Sources */,
				39D0C912245AE1F20012AA3A /* SightList.swift in Sources */,
				39D0C8FA245ADE2C0012AA3A /* SceneDelegate.swift in Sources */,
				39D0C8FC245ADE2C0012AA3A /* ContentView.swift in Sources */,
			);
			runOnlyForDeploymentPostprocessing = 0;
		};
/* End PBXSourcesBuildPhase section */

/* Begin PBXVariantGroup section */
		39D0C902245ADE2E0012AA3A /* LaunchScreen.storyboard */ = {
			isa = PBXVariantGroup;
			children = (
				39D0C903245ADE2E0012AA3A /* Base */,
			);
			name = LaunchScreen.storyboard;
			sourceTree = "<group>";
		};
/* End PBXVariantGroup section */

/* Begin XCBuildConfiguration section */
		39D0C906245ADE2E0012AA3A /* Debug */ = {
			isa = XCBuildConfiguration;
			buildSettings = {
				ALWAYS_SEARCH_USER_PATHS = NO;
				CLANG_ANALYZER_NONNULL = YES;
				CLANG_ANALYZER_NUMBER_OBJECT_CONVERSION = YES_AGGRESSIVE;
				CLANG_CXX_LANGUAGE_STANDARD = "gnu++14";
				CLANG_CXX_LIBRARY = "libc++";
				CLANG_ENABLE_MODULES = YES;
				CLANG_ENABLE_OBJC_ARC = YES;
				CLANG_ENABLE_OBJC_WEAK = YES;
				CLANG_WARN_BLOCK_CAPTURE_AUTORELEASING = YES;
				CLANG_WARN_BOOL_CONVERSION = YES;
				CLANG_WARN_COMMA = YES;
				CLANG_WARN_CONSTANT_CONVERSION = YES;
				CLANG_WARN_DEPRECATED_OBJC_IMPLEMENTATIONS = YES;
				CLANG_WARN_DIRECT_OBJC_ISA_USAGE = YES_ERROR;
				CLANG_WARN_DOCUMENTATION_COMMENTS = YES;
				CLANG_WARN_EMPTY_BODY = YES;
				CLANG_WARN_ENUM_CONVERSION = YES;
				CLANG_WARN_INFINITE_RECURSION = YES;
				CLANG_WARN_INT_CONVERSION = YES;
				CLANG_WARN_NON_LITERAL_NULL_CONVERSION = YES;
				CLANG_WARN_OBJC_IMPLICIT_RETAIN_SELF = YES;
				CLANG_WARN_OBJC_LITERAL_CONVERSION = YES;
				CLANG_WARN_OBJC_ROOT_CLASS = YES_ERROR;
				CLANG_WARN_RANGE_LOOP_ANALYSIS = YES;
				CLANG_WARN_STRICT_PROTOTYPES = YES;
				CLANG_WARN_SUSPICIOUS_MOVE = YES;
				CLANG_WARN_UNGUARDED_AVAILABILITY = YES_AGGRESSIVE;
				CLANG_WARN_UNREACHABLE_CODE = YES;
				CLANG_WARN__DUPLICATE_METHOD_MATCH = YES;
				COPY_PHASE_STRIP = NO;
				DEBUG_INFORMATION_FORMAT = dwarf;
				ENABLE_STRICT_OBJC_MSGSEND = YES;
				ENABLE_TESTABILITY = YES;
				GCC_C_LANGUAGE_STANDARD = gnu11;
				GCC_DYNAMIC_NO_PIC = NO;
				GCC_NO_COMMON_BLOCKS = YES;
				GCC_OPTIMIZATION_LEVEL = 0;
				GCC_PREPROCESSOR_DEFINITIONS = (
					"DEBUG=1",
					"$(inherited)",
				);
				GCC_WARN_64_TO_32_BIT_CONVERSION = YES;
				GCC_WARN_ABOUT_RETURN_TYPE = YES_ERROR;
				GCC_WARN_UNDECLARED_SELECTOR = YES;
				GCC_WARN_UNINITIALIZED_AUTOS = YES_AGGRESSIVE;
				GCC_WARN_UNUSED_FUNCTION = YES;
				GCC_WARN_UNUSED_VARIABLE = YES;
				IPHONEOS_DEPLOYMENT_TARGET = 13.1;
				MTL_ENABLE_DEBUG_INFO = INCLUDE_SOURCE;
				MTL_FAST_MATH = YES;
				ONLY_ACTIVE_ARCH = YES;
				SDKROOT = iphoneos;
				SWIFT_ACTIVE_COMPILATION_CONDITIONS = DEBUG;
				SWIFT_OPTIMIZATION_LEVEL = "-Onone";
			};
			name = Debug;
		};
		39D0C907245ADE2E0012AA3A /* Release */ = {
			isa = XCBuildConfiguration;
			buildSettings = {
				ALWAYS_SEARCH_USER_PATHS = NO;
				CLANG_ANALYZER_NONNULL = YES;
				CLANG_ANALYZER_NUMBER_OBJECT_CONVERSION = YES_AGGRESSIVE;
				CLANG_CXX_LANGUAGE_STANDARD = "gnu++14";
				CLANG_CXX_LIBRARY = "libc++";
				CLANG_ENABLE_MODULES = YES;
				CLANG_ENABLE_OBJC_ARC = YES;
				CLANG_ENABLE_OBJC_WEAK = YES;
				CLANG_WARN_BLOCK_CAPTURE_AUTORELEASING = YES;
				CLANG_WARN_BOOL_CONVERSION = YES;
				CLANG_WARN_COMMA = YES;
				CLANG_WARN_CONSTANT_CONVERSION = YES;
				CLANG_WARN_DEPRECATED_OBJC_IMPLEMENTATIONS = YES;
				CLANG_WARN_DIRECT_OBJC_ISA_USAGE = YES_ERROR;
				CLANG_WARN_DOCUMENTATION_COMMENTS = YES;
				CLANG_WARN_EMPTY_BODY = YES;
				CLANG_WARN_ENUM_CONVERSION = YES;
				CLANG_WARN_INFINITE_RECURSION = YES;
				CLANG_WARN_INT_CONVERSION = YES;
				CLANG_WARN_NON_LITERAL_NULL_CONVERSION = YES;
				CLANG_WARN_OBJC_IMPLICIT_RETAIN_SELF = YES;
				CLANG_WARN_OBJC_LITERAL_CONVERSION = YES;
				CLANG_WARN_OBJC_ROOT_CLASS = YES_ERROR;
				CLANG_WARN_RANGE_LOOP_ANALYSIS = YES;
				CLANG_WARN_STRICT_PROTOTYPES = YES;
				CLANG_WARN_SUSPICIOUS_MOVE = YES;
				CLANG_WARN_UNGUARDED_AVAILABILITY = YES_AGGRESSIVE;
				CLANG_WARN_UNREACHABLE_CODE = YES;
				CLANG_WARN__DUPLICATE_METHOD_MATCH = YES;
				COPY_PHASE_STRIP = NO;
				DEBUG_INFORMATION_FORMAT = "dwarf-with-dsym";
				ENABLE_NS_ASSERTIONS = NO;
				ENABLE_STRICT_OBJC_MSGSEND = YES;
				GCC_C_LANGUAGE_STANDARD = gnu11;
				GCC_NO_COMMON_BLOCKS = YES;
				GCC_WARN_64_TO_32_BIT_CONVERSION = YES;
				GCC_WARN_ABOUT_RETURN_TYPE = YES_ERROR;
				GCC_WARN_UNDECLARED_SELECTOR = YES;
				GCC_WARN_UNINITIALIZED_AUTOS = YES_AGGRESSIVE;
				GCC_WARN_UNUSED_FUNCTION = YES;
				GCC_WARN_UNUSED_VARIABLE = YES;
				IPHONEOS_DEPLOYMENT_TARGET = 13.1;
				MTL_ENABLE_DEBUG_INFO = NO;
				MTL_FAST_MATH = YES;
				SDKROOT = iphoneos;
				SWIFT_COMPILATION_MODE = wholemodule;
				SWIFT_OPTIMIZATION_LEVEL = "-O";
				VALIDATE_PRODUCT = YES;
			};
			name = Release;
		};
		39D0C909245ADE2E0012AA3A /* Debug */ = {
			isa = XCBuildConfiguration;
			buildSettings = {
				ASSETCATALOG_COMPILER_APPICON_NAME = AppIcon;
				CODE_SIGN_STYLE = Automatic;
				DEVELOPMENT_ASSET_PATHS = "\"My_forth_iOS_homework/Preview Content\"";
				ENABLE_PREVIEWS = YES;
				INFOPLIST_FILE = My_forth_iOS_homework/Info.plist;
				LD_RUNPATH_SEARCH_PATHS = (
					"$(inherited)",
					"@executable_path/Frameworks",
				);
				PRODUCT_BUNDLE_IDENTIFIER = "steven.com.My-forth-iOS-homework";
				PRODUCT_NAME = "$(TARGET_NAME)";
				SWIFT_VERSION = 5.0;
				TARGETED_DEVICE_FAMILY = "1,2";
			};
			name = Debug;
		};
		39D0C90A245ADE2E0012AA3A /* Release */ = {
			isa = XCBuildConfiguration;
			buildSettings = {
				ASSETCATALOG_COMPILER_APPICON_NAME = AppIcon;
				CODE_SIGN_STYLE = Automatic;
				DEVELOPMENT_ASSET_PATHS = "\"My_forth_iOS_homework/Preview Content\"";
				ENABLE_PREVIEWS = YES;
				INFOPLIST_FILE = My_forth_iOS_homework/Info.plist;
				LD_RUNPATH_SEARCH_PATHS = (
					"$(inherited)",
					"@executable_path/Frameworks",
				);
				PRODUCT_BUNDLE_IDENTIFIER = "steven.com.My-forth-iOS-homework";
				PRODUCT_NAME = "$(TARGET_NAME)";
				SWIFT_VERSION = 5.0;
				TARGETED_DEVICE_FAMILY = "1,2";
			};
			name = Release;
		};
/* End XCBuildConfiguration section */

/* Begin XCConfigurationList section */
		39D0C8EF245ADE2C0012AA3A /* Build configuration list for PBXProject "My_forth_iOS_homework" */ = {
			isa = XCConfigurationList;
			buildConfigurations = (
				39D0C906245ADE2E0012AA3A /* Debug */,
				39D0C907245ADE2E0012AA3A /* Release */,
			);
			defaultConfigurationIsVisible = 0;
			defaultConfigurationName = Release;
		};
		39D0C908245ADE2E0012AA3A /* Build configuration list for PBXNativeTarget "My_forth_iOS_homework" */ = {
			isa = XCConfigurationList;
			buildConfigurations = (
				39D0C909245ADE2E0012AA3A /* Debug */,
				39D0C90A245ADE2E0012AA3A /* Release */,
			);
			defaultConfigurationIsVisible = 0;
			defaultConfigurationName = Release;
		};
/* End XCConfigurationList section */
	};
	rootObject = 39D0C8EC245ADE2C0012AA3A /* Project object */;
}
